
Microsoft Visual Studio Solution File, Format Version 12.00
# Visual Studio Version 16
VisualStudioVersion = 25.0.1706.0
MinimumVisualStudioVersion = 10.0.40219.1
Project("{FAE04EC0-301F-11D3-BF4B-00C04F79EFBC}") = "GameStore.Android", "GameStore\GameStore.Android\GameStore.Android.csproj", "{7BE4FC2F-8374-4FB6-88B1-08EEAF8BEF36}"
EndProject
Project("{FAE04EC0-301F-11D3-BF4B-00C04F79EFBC}") = "GameStore.iOS", "GameStore\GameStore.iOS\GameStore.iOS.csproj", "{77298F61-BF66-4890-967B-6F486A24F75E}"
EndProject
Project("{FAE04EC0-301F-11D3-BF4B-00C04F79EFBC}") = "GameStore", "GameStore\GameStore\GameStore.csproj", "{13F88D0C-21E8-46FC-A357-2E73AD5A53C9}"
EndProject
Global
	GlobalSection(SolutionConfigurationPlatforms) = preSolution
		Debug|Any CPU = Debug|Any CPU
		Release|Any CPU = Release|Any CPU
		Debug|iPhoneSimulator = Debug|iPhoneSimulator
		Release|iPhoneSimulator = Release|iPhoneSimulator
		Debug|iPhone = Debug|iPhone
		Release|iPhone = Release|iPhone
	EndGlobalSection
	GlobalSection(ProjectConfigurationPlatforms) = postSolution
		{7BE4FC2F-8374-4FB6-88B1-08EEAF8BEF36}.Debug|Any CPU.ActiveCfg = Debug|Any CPU
		{7BE4FC2F-8374-4FB6-88B1-08EEAF8BEF36}.Debug|Any CPU.Build.0 = Debug|Any CPU
		{7BE4FC2F-8374-4FB6-88B1-08EEAF8BEF36}.Release|Any CPU.ActiveCfg = Release|Any CPU
		{7BE4FC2F-8374-4FB6-88B1-08EEAF8BEF36}.Release|Any CPU.Build.0 = Release|Any CPU
		{7BE4FC2F-8374-4FB6-88B1-08EEAF8BEF36}.Debug|iPhoneSimulator.ActiveCfg = Debug|Any CPU
		{7BE4FC2F-8374-4FB6-88B1-08EEAF8BEF36}.Debug|iPhoneSimulator.Build.0 = Debug|Any CPU
		{7BE4FC2F-8374-4FB6-88B1-08EEAF8BEF36}.Release|iPhoneSimulator.ActiveCfg = Release|Any CPU
		{7BE4FC2F-8374-4FB6-88B1-08EEAF8BEF36}.Release|iPhoneSimulator.Build.0 = Release|Any CPU
		{7BE4FC2F-8374-4FB6-88B1-08EEAF8BEF36}.Debug|iPhone.ActiveCfg = Debug|Any CPU
		{7BE4FC2F-8374-4FB6-88B1-08EEAF8BEF36}.Debug|iPhone.Build.0 = Debug|Any CPU
		{7BE4FC2F-8374-4FB6-88B1-08EEAF8BEF36}.Release|iPhone.ActiveCfg = Release|Any CPU
		{7BE4FC2F-8374-4FB6-88B1-08EEAF8BEF36}.Release|iPhone.Build.0 = Release|Any CPU
		{77298F61-BF66-4890-967B-6F486A24F75E}.Debug|Any CPU.ActiveCfg = Debug|iPhoneSimulator
		{77298F61-BF66-4890-967B-6F486A24F75E}.Debug|Any CPU.Build.0 = Debug|iPhoneSimulator
		{77298F61-BF66-4890-967B-6F486A24F75E}.Release|Any CPU.ActiveCfg = Release|iPhoneSimulator
		{77298F61-BF66-4890-967B-6F486A24F75E}.Release|Any CPU.Build.0 = Release|iPhoneSimulator
		{77298F61-BF66-4890-967B-6F486A24F75E}.Debug|iPhoneSimulator.ActiveCfg = Debug|iPhoneSimulator
		{77298F61-BF66-4890-967B-6F486A24F75E}.Debug|iPhoneSimulator.Build.0 = Debug|iPhoneSimulator
		{77298F61-BF66-4890-967B-6F486A24F75E}.Release|iPhoneSimulator.ActiveCfg = Release|iPhoneSimulator
		{77298F61-BF66-4890-967B-6F486A24F75E}.Release|iPhoneSimulator.Build.0 = Release|iPhoneSimulator
		{77298F61-BF66-4890-967B-6F486A24F75E}.Debug|iPhone.ActiveCfg = Debug|iPhone
		{77298F61-BF66-4890-967B-6F486A24F75E}.Debug|iPhone.Build.0 = Debug|iPhone
		{77298F61-BF66-4890-967B-6F486A24F75E}.Release|iPhone.ActiveCfg = Release|iPhone
		{77298F61-BF66-4890-967B-6F486A24F75E}.Release|iPhone.Build.0 = Release|iPhone
		{13F88D0C-21E8-46FC-A357-2E73AD5A53C9}.Debug|Any CPU.ActiveCfg = Debug|Any CPU
		{13F88D0C-21E8-46FC-A357-2E73AD5A53C9}.Debug|Any CPU.Build.0 = Debug|Any CPU
		{13F88D0C-21E8-46FC-A357-2E73AD5A53C9}.Release|Any CPU.ActiveCfg = Release|Any CPU
		{13F88D0C-21E8-46FC-A357-2E73AD5A53C9}.Release|Any CPU.Build.0 = Release|Any CPU
		{13F88D0C-21E8-46FC-A357-2E73AD5A53C9}.Debug|iPhoneSimulator.ActiveCfg = Debug|Any CPU
		{13F88D0C-21E8-46FC-A357-2E73AD5A53C9}.Debug|iPhoneSimulator.Build.0 = Debug|Any CPU
		{13F88D0C-21E8-46FC-A357-2E73AD5A53C9}.Release|iPhoneSimulator.ActiveCfg = Release|Any CPU
		{13F88D0C-21E8-46FC-A357-2E73AD5A53C9}.Release|iPhoneSimulator.Build.0 = Release|Any CPU
		{13F88D0C-21E8-46FC-A357-2E73AD5A53C9}.Debug|iPhone.ActiveCfg = Debug|Any CPU
		{13F88D0C-21E8-46FC-A357-2E73AD5A53C9}.Debug|iPhone.Build.0 = Debug|Any CPU
		{13F88D0C-21E8-46FC-A357-2E73AD5A53C9}.Release|iPhone.ActiveCfg = Release|Any CPU
		{13F88D0C-21E8-46FC-A357-2E73AD5A53C9}.Release|iPhone.Build.0 = Release|Any CPU
	EndGlobalSection
	GlobalSection(SolutionProperties) = preSolution
		HideSolutionNode = FALSE
	EndGlobalSection
	GlobalSection(ExtensibilityGlobals) = postSolution
		SolutionGuid = {F1FB975D-38D4-4FDF-A97E-7128A99C037D}
	EndGlobalSection
EndGlobal
